
Microsoft Visual Studio Solution File, Format Version 12.00
# Visual Studio Version 17
VisualStudioVersion = 17.0.31919.166
MinimumVisualStudioVersion = 10.0.40219.1
Project("{9A19103F-16F7-4668-BE54-9A1E7A4F7556}") = "ZadanieWeryfikacyjne.Api", "ZadanieWeryfikacyjne.Api\ZadanieWeryfikacyjne.Api.csproj", "{35852105-2C65-4591-9374-79BE84FB2C6F}"
EndProject
Project("{9A19103F-16F7-4668-BE54-9A1E7A4F7556}") = "ZadanieWeryfikacyjne.Repository", "ZadanieWeryfikacyjne.Repository\ZadanieWeryfikacyjne.Repository.csproj", "{3F84E2D7-85D9-4168-BE27-554D661CBEEB}"
EndProject
Project("{9A19103F-16F7-4668-BE54-9A1E7A4F7556}") = "ZadanieWeryfikacyjne", "ZadanieWeryfikacyjne\ZadanieWeryfikacyjne.csproj", "{E9F2D6EE-E6E3-41AC-8DA2-86E78344B761}"
EndProject
Global
	GlobalSection(SolutionConfigurationPlatforms) = preSolution
		Debug|Any CPU = Debug|Any CPU
		Release|Any CPU = Release|Any CPU
	EndGlobalSection
	GlobalSection(ProjectConfigurationPlatforms) = postSolution
		{35852105-2C65-4591-9374-79BE84FB2C6F}.Debug|Any CPU.ActiveCfg = Debug|Any CPU
		{35852105-2C65-4591-9374-79BE84FB2C6F}.Debug|Any CPU.Build.0 = Debug|Any CPU
		{35852105-2C65-4591-9374-79BE84FB2C6F}.Release|Any CPU.ActiveCfg = Release|Any CPU
		{35852105-2C65-4591-9374-79BE84FB2C6F}.Release|Any CPU.Build.0 = Release|Any CPU
		{3F84E2D7-85D9-4168-BE27-554D661CBEEB}.Debug|Any CPU.ActiveCfg = Debug|Any CPU
		{3F84E2D7-85D9-4168-BE27-554D661CBEEB}.Debug|Any CPU.Build.0 = Debug|Any CPU
		{3F84E2D7-85D9-4168-BE27-554D661CBEEB}.Release|Any CPU.ActiveCfg = Release|Any CPU
		{3F84E2D7-85D9-4168-BE27-554D661CBEEB}.Release|Any CPU.Build.0 = Release|Any CPU
		{E9F2D6EE-E6E3-41AC-8DA2-86E78344B761}.Debug|Any CPU.ActiveCfg = Debug|Any CPU
		{E9F2D6EE-E6E3-41AC-8DA2-86E78344B761}.Debug|Any CPU.Build.0 = Debug|Any CPU
		{E9F2D6EE-E6E3-41AC-8DA2-86E78344B761}.Release|Any CPU.ActiveCfg = Release|Any CPU
		{E9F2D6EE-E6E3-41AC-8DA2-86E78344B761}.Release|Any CPU.Build.0 = Release|Any CPU
	EndGlobalSection
	GlobalSection(SolutionProperties) = preSolution
		HideSolutionNode = FALSE
	EndGlobalSection
	GlobalSection(ExtensibilityGlobals) = postSolution
		SolutionGuid = {6F50C244-7790-42E3-B5C9-60A8AB67090B}
	EndGlobalSection
EndGlobal
